
Microsoft Visual Studio Solution File, Format Version 12.00
# Visual Studio Version 17
VisualStudioVersion = 17.5.002.0
MinimumVisualStudioVersion = 10.0.40219.1
Project("{9A19103F-16F7-4668-BE54-9A1E7A4F7556}") = "TravelAgency", "TravelAgency.csproj", "{8637AE54-35E6-4F03-8FBE-02DC96AC4E6C}"
EndProject
Global
	GlobalSection(SolutionConfigurationPlatforms) = preSolution
		Debug|Any CPU = Debug|Any CPU
		Release|Any CPU = Release|Any CPU
	EndGlobalSection
	GlobalSection(ProjectConfigurationPlatforms) = postSolution
		{8637AE54-35E6-4F03-8FBE-02DC96AC4E6C}.Debug|Any CPU.ActiveCfg = Debug|Any CPU
		{8637AE54-35E6-4F03-8FBE-02DC96AC4E6C}.Debug|Any CPU.Build.0 = Debug|Any CPU
		{8637AE54-35E6-4F03-8FBE-02DC96AC4E6C}.Release|Any CPU.ActiveCfg = Release|Any CPU
		{8637AE54-35E6-4F03-8FBE-02DC96AC4E6C}.Release|Any CPU.Build.0 = Release|Any CPU
	EndGlobalSection
	GlobalSection(SolutionProperties) = preSolution
		HideSolutionNode = FALSE
	EndGlobalSection
	GlobalSection(ExtensibilityGlobals) = postSolution
		SolutionGuid = {827A1011-23AA-4267-9104-3283FD44D907}
	EndGlobalSection
EndGlobal
